
Microsoft Visual Studio Solution File, Format Version 12.00
# Visual Studio Version 16
VisualStudioVersion = 16.0.29503.13
MinimumVisualStudioVersion = 10.0.40219.1
Project("{FAE04EC0-301F-11D3-BF4B-00C04F79EFBC}") = "NetCoreApi", "NetCoreApi.csproj", "{CFE1F07C-AAB1-4697-82CE-8272200284BC}"
EndProject
Global
	GlobalSection(SolutionConfigurationPlatforms) = preSolution
		Debug|Any CPU = Debug|Any CPU
		Release|Any CPU = Release|Any CPU
	EndGlobalSection
	GlobalSection(ProjectConfigurationPlatforms) = postSolution
		{CFE1F07C-AAB1-4697-82CE-8272200284BC}.Debug|Any CPU.ActiveCfg = Debug|Any CPU
		{CFE1F07C-AAB1-4697-82CE-8272200284BC}.Debug|Any CPU.Build.0 = Debug|Any CPU
		{CFE1F07C-AAB1-4697-82CE-8272200284BC}.Release|Any CPU.ActiveCfg = Release|Any CPU
		{CFE1F07C-AAB1-4697-82CE-8272200284BC}.Release|Any CPU.Build.0 = Release|Any CPU
	EndGlobalSection
	GlobalSection(SolutionProperties) = preSolution
		HideSolutionNode = FALSE
	EndGlobalSection
	GlobalSection(ExtensibilityGlobals) = postSolution
		SolutionGuid = {74EAC749-2B03-44EF-8500-7622FC43DF57}
	EndGlobalSection
EndGlobal
